
Microsoft Visual Studio Solution File, Format Version 12.00
# Visual Studio Version 17
VisualStudioVersion = 17.3.32804.467
MinimumVisualStudioVersion = 10.0.40219.1
Project("{9A19103F-16F7-4668-BE54-9A1E7A4F7556}") = "OnlineStore.Domain", "OnlineStore.Domain\OnlineStore.Domain.csproj", "{51105B6C-FDA6-4354-927A-1EF78FC28185}"
EndProject
Project("{9A19103F-16F7-4668-BE54-9A1E7A4F7556}") = "OnlineStore.Test", "OnlineStore.Test\OnlineStore.Test.csproj", "{E2C2E371-9988-44AC-8BC5-A247AAADD1CC}"
EndProject
Project("{9A19103F-16F7-4668-BE54-9A1E7A4F7556}") = "OnlineStore.Data", "OnlineStore.Data\OnlineStore.Data.csproj", "{F6EA8BBA-ADCA-4930-83BA-C2A9CE23F29B}"
EndProject
Project("{9A19103F-16F7-4668-BE54-9A1E7A4F7556}") = "OnlineStore.Service", "OnlineStore.Service\OnlineStore.Service.csproj", "{97FE9C5E-771C-41E0-8552-47896C691F30}"
EndProject
Global
	GlobalSection(SolutionConfigurationPlatforms) = preSolution
		Debug|Any CPU = Debug|Any CPU
		Release|Any CPU = Release|Any CPU
	EndGlobalSection
	GlobalSection(ProjectConfigurationPlatforms) = postSolution
		{51105B6C-FDA6-4354-927A-1EF78FC28185}.Debug|Any CPU.ActiveCfg = Debug|Any CPU
		{51105B6C-FDA6-4354-927A-1EF78FC28185}.Debug|Any CPU.Build.0 = Debug|Any CPU
		{51105B6C-FDA6-4354-927A-1EF78FC28185}.Release|Any CPU.ActiveCfg = Release|Any CPU
		{51105B6C-FDA6-4354-927A-1EF78FC28185}.Release|Any CPU.Build.0 = Release|Any CPU
		{E2C2E371-9988-44AC-8BC5-A247AAADD1CC}.Debug|Any CPU.ActiveCfg = Debug|Any CPU
		{E2C2E371-9988-44AC-8BC5-A247AAADD1CC}.Debug|Any CPU.Build.0 = Debug|Any CPU
		{E2C2E371-9988-44AC-8BC5-A247AAADD1CC}.Release|Any CPU.ActiveCfg = Release|Any CPU
		{E2C2E371-9988-44AC-8BC5-A247AAADD1CC}.Release|Any CPU.Build.0 = Release|Any CPU
		{F6EA8BBA-ADCA-4930-83BA-C2A9CE23F29B}.Debug|Any CPU.ActiveCfg = Debug|Any CPU
		{F6EA8BBA-ADCA-4930-83BA-C2A9CE23F29B}.Debug|Any CPU.Build.0 = Debug|Any CPU
		{F6EA8BBA-ADCA-4930-83BA-C2A9CE23F29B}.Release|Any CPU.ActiveCfg = Release|Any CPU
		{F6EA8BBA-ADCA-4930-83BA-C2A9CE23F29B}.Release|Any CPU.Build.0 = Release|Any CPU
		{97FE9C5E-771C-41E0-8552-47896C691F30}.Debug|Any CPU.ActiveCfg = Debug|Any CPU
		{97FE9C5E-771C-41E0-8552-47896C691F30}.Debug|Any CPU.Build.0 = Debug|Any CPU
		{97FE9C5E-771C-41E0-8552-47896C691F30}.Release|Any CPU.ActiveCfg = Release|Any CPU
		{97FE9C5E-771C-41E0-8552-47896C691F30}.Release|Any CPU.Build.0 = Release|Any CPU
	EndGlobalSection
	GlobalSection(SolutionProperties) = preSolution
		HideSolutionNode = FALSE
	EndGlobalSection
	GlobalSection(ExtensibilityGlobals) = postSolution
		SolutionGuid = {02A0EE90-508F-42DB-9499-73213ACE57F2}
	EndGlobalSection
EndGlobal
